
Microsoft Visual Studio Solution File, Format Version 12.00
# Visual Studio Version 16
VisualStudioVersion = 16.0.32901.82
MinimumVisualStudioVersion = 10.0.40219.1
Project("{FAE04EC0-301F-11D3-BF4B-00C04F79EFBC}") = "Assembly-CSharp", "Assembly-CSharp.csproj", "{7ECD3758-7EB9-11F9-0937-81B9B562DF87}"
EndProject
Global
	GlobalSection(SolutionConfigurationPlatforms) = preSolution
		Debug|Any CPU = Debug|Any CPU
		Release|Any CPU = Release|Any CPU
	EndGlobalSection
	GlobalSection(ProjectConfigurationPlatforms) = postSolution
		{7ECD3758-7EB9-11F9-0937-81B9B562DF87}.Debug|Any CPU.ActiveCfg = Debug|Any CPU
		{7ECD3758-7EB9-11F9-0937-81B9B562DF87}.Debug|Any CPU.Build.0 = Debug|Any CPU
		{7ECD3758-7EB9-11F9-0937-81B9B562DF87}.Release|Any CPU.ActiveCfg = Release|Any CPU
		{7ECD3758-7EB9-11F9-0937-81B9B562DF87}.Release|Any CPU.Build.0 = Release|Any CPU
	EndGlobalSection
	GlobalSection(SolutionProperties) = preSolution
		HideSolutionNode = FALSE
	EndGlobalSection
	GlobalSection(ExtensibilityGlobals) = postSolution
		SolutionGuid = {19A615C0-0D35-4C44-9B7A-1743C15D225E}
	EndGlobalSection
EndGlobal
